
Microsoft Visual Studio Solution File, Format Version 12.00
# Visual Studio Version 17
VisualStudioVersion = 17.5.002.0
MinimumVisualStudioVersion = 10.0.40219.1
Project("{2150E333-8FDC-42A3-9474-1A3956D46DE8}") = "backend", "backend", "{C8658F15-61AB-485D-940B-6C4897E7A1FB}"
EndProject
Project("{9A19103F-16F7-4668-BE54-9A1E7A4F7556}") = "api", "backend\api\api.csproj", "{D3C0FDD7-68E5-4ABF-9264-562A7E11CFE1}"
EndProject
Global
	GlobalSection(SolutionConfigurationPlatforms) = preSolution
		Debug|Any CPU = Debug|Any CPU
		Release|Any CPU = Release|Any CPU
	EndGlobalSection
	GlobalSection(ProjectConfigurationPlatforms) = postSolution
		{D3C0FDD7-68E5-4ABF-9264-562A7E11CFE1}.Debug|Any CPU.ActiveCfg = Debug|Any CPU
		{D3C0FDD7-68E5-4ABF-9264-562A7E11CFE1}.Debug|Any CPU.Build.0 = Debug|Any CPU
		{D3C0FDD7-68E5-4ABF-9264-562A7E11CFE1}.Release|Any CPU.ActiveCfg = Release|Any CPU
		{D3C0FDD7-68E5-4ABF-9264-562A7E11CFE1}.Release|Any CPU.Build.0 = Release|Any CPU
	EndGlobalSection
	GlobalSection(SolutionProperties) = preSolution
		HideSolutionNode = FALSE
	EndGlobalSection
	GlobalSection(NestedProjects) = preSolution
		{D3C0FDD7-68E5-4ABF-9264-562A7E11CFE1} = {C8658F15-61AB-485D-940B-6C4897E7A1FB}
	EndGlobalSection
	GlobalSection(ExtensibilityGlobals) = postSolution
		SolutionGuid = {0D00BBE8-7194-4C30-9FFA-32AAE96D562E}
	EndGlobalSection
EndGlobal
